hash: e3b0c44298fc1c149afbf4c8996fb92427ae41e4649b934ca495991b7852b855
updated: 2016-01-17T12:50:55.663400728-05:00
imports:
- name: fmt
  version: ""
- name: github.com/golang/protobuf
  version: 2402d76f3d41f928c7902a765dfc872356dd3aad
  subpackages:
  - /proto
- name: github.com/gorilla/websocket
  version: 3986be78bf859e01f01af631ad76da5b269d270c
- name: github.com/marcuswestin/go-ws
  version: c1d7773dada5e71eaa18927400e7f94b82cea769
- name: log
  version: ""
- name: math
  version: ""
- name: net/http
  version: ""
- name: strings
  version: ""
- name: time
  version: ""
devImports: []
